
Microsoft Visual Studio Solution File, Format Version 12.00
# Visual Studio Version 17
VisualStudioVersion = 17.7.34024.191
MinimumVisualStudioVersion = 10.0.40219.1
Project("{FAE04EC0-301F-11D3-BF4B-00C04F79EFBC}") = "NET6ApiVideoBlob", "NET6ApiVideoBlob\NET6ApiVideoBlob.csproj", "{ACE9FD8D-AE7E-4F1D-96A3-BCBC182CE032}"
EndProject
Global
	GlobalSection(SolutionConfigurationPlatforms) = preSolution
		Debug|Any CPU = Debug|Any CPU
		Release|Any CPU = Release|Any CPU
	EndGlobalSection
	GlobalSection(ProjectConfigurationPlatforms) = postSolution
		{ACE9FD8D-AE7E-4F1D-96A3-BCBC182CE032}.Debug|Any CPU.ActiveCfg = Debug|Any CPU
		{ACE9FD8D-AE7E-4F1D-96A3-BCBC182CE032}.Debug|Any CPU.Build.0 = Debug|Any CPU
		{ACE9FD8D-AE7E-4F1D-96A3-BCBC182CE032}.Release|Any CPU.ActiveCfg = Release|Any CPU
		{ACE9FD8D-AE7E-4F1D-96A3-BCBC182CE032}.Release|Any CPU.Build.0 = Release|Any CPU
	EndGlobalSection
	GlobalSection(SolutionProperties) = preSolution
		HideSolutionNode = FALSE
	EndGlobalSection
	GlobalSection(ExtensibilityGlobals) = postSolution
		SolutionGuid = {4C34509E-F1C5-4269-BDBA-5239EEF80AD9}
	EndGlobalSection
EndGlobal
